
Microsoft Visual Studio Solution File, Format Version 12.00
# Visual Studio Version 17
VisualStudioVersion = 17.1.32421.90
MinimumVisualStudioVersion = 10.0.40219.1
Project("{9A19103F-16F7-4668-BE54-9A1E7A4F7556}") = "StrategyPattern", "StrategyPattern.csproj", "{AA7CC0FC-94AD-4953-8A0C-91BD16D1CDF0}"
EndProject
Global
	GlobalSection(SolutionConfigurationPlatforms) = preSolution
		Debug|Any CPU = Debug|Any CPU
		Release|Any CPU = Release|Any CPU
	EndGlobalSection
	GlobalSection(ProjectConfigurationPlatforms) = postSolution
		{AA7CC0FC-94AD-4953-8A0C-91BD16D1CDF0}.Debug|Any CPU.ActiveCfg = Debug|Any CPU
		{AA7CC0FC-94AD-4953-8A0C-91BD16D1CDF0}.Debug|Any CPU.Build.0 = Debug|Any CPU
		{AA7CC0FC-94AD-4953-8A0C-91BD16D1CDF0}.Release|Any CPU.ActiveCfg = Release|Any CPU
		{AA7CC0FC-94AD-4953-8A0C-91BD16D1CDF0}.Release|Any CPU.Build.0 = Release|Any CPU
	EndGlobalSection
	GlobalSection(SolutionProperties) = preSolution
		HideSolutionNode = FALSE
	EndGlobalSection
	GlobalSection(ExtensibilityGlobals) = postSolution
		SolutionGuid = {6C96B564-9C31-4261-9792-2F78605ECBEC}
	EndGlobalSection
EndGlobal
